# This file is automatically @generated by Cargo.
# It is not intended for manual editing.
version = 4

[[package]]
name = "base64"
version = "0.22.1"
source = "registry+https://github.com/rust-lang/crates.io-index"
checksum = "72b3254f16251a8381aa12e40e3c4d2f0199f8c6508fbecb9d91f575e0fbb8c6"

[[package]]
name = "bytes"
version = "1.11.1"
source = "registry+https://github.com/rust-lang/crates.io-index"
checksum = "1e748733b7cbc798e1434b6ac524f0c1ff2ab456fe201501e6497c8417a4fc33"

[[package]]
name = "cc"
version = "1.2.57"
source = "registry+https://github.com/rust-lang/crates.io-index"
checksum = "7a0dd1ca384932ff3641c8718a02769f1698e7563dc6974ffd03346116310423"
dependencies = [
 "find-msvc-tools",
 "shlex",
]

[[package]]
name = "cfg-if"
version = "1.0.4"
source = "registry+https://github.com/rust-lang/crates.io-index"
checksum = "9330f8b2ff13f34540b44e946ef35111825727b38d33286ef986142615121801"

[[package]]
name = "find-msvc-tools"
version = "0.1.9"
source = "registry+https://github.com/rust-lang/crates.io-index"
checksum = "5baebc0774151f905a1a2cc41989300b1e6fbb29aff0ceffa1064fdd3088d582"

[[package]]
name = "getrandom"
version = "0.2.17"
source = "registry+https://github.com/rust-lang/crates.io-index"
checksum = "ff2abc00be7fca6ebc474524697ae276ad847ad0a6b3faa4bcb027e9a4614ad0"
dependencies = [
 "cfg-if",
 "libc",
 "wasi",
]

[[package]]
name = "http"
version = "1.4.0"
source = "registry+https://github.com/rust-lang/crates.io-index"
checksum = "e3ba2a386d7f85a81f119ad7498ebe444d2e22c2af0b86b069416ace48b3311a"
dependencies = [
 "bytes",
 "itoa",
]

[[package]]
name = "httparse"
version = "1.10.1"
source = "registry+https://github.com/rust-lang/crates.io-index"
checksum = "6dbf3de79e51f3d586ab4cb9d5c3e2c14aa28ed23d180cf89b4df0454a69cc87"

[[package]]
name = "iana-6lowpan"
version = "0.1.0"
dependencies = [
 "iana-gen-shared",
]

[[package]]
name = "iana-6tisch"
version = "0.1.0"
dependencies = [
 "iana-gen-shared",
]

[[package]]
name = "iana-aaa"
version = "0.1.0"
dependencies = [
 "iana-gen-shared",
]

[[package]]
name = "iana-abfab"
version = "0.1.0"
dependencies = [
 "iana-gen-shared",
]

[[package]]
name = "iana-about"
version = "0.1.0"
dependencies = [
 "iana-gen-shared",
]

[[package]]
name = "iana-acap"
version = "0.1.0"
dependencies = [
 "iana-gen-shared",
]

[[package]]
name = "iana-access"
version = "0.1.0"
dependencies = [
 "iana-gen-shared",
]

[[package]]
name = "iana-ace"
version = "0.1.0"
dependencies = [
 "iana-gen-shared",
]

[[package]]
name = "iana-acl"
version = "0.1.0"
dependencies = [
 "iana-gen-shared",
]

[[package]]
name = "iana-acme"
version = "0.1.0"
dependencies = [
 "iana-gen-shared",
]

[[package]]
name = "iana-acp"
version = "0.1.0"
dependencies = [
 "iana-gen-shared",
]

[[package]]
name = "iana-address"
version = "0.1.0"
dependencies = [
 "iana-gen-shared",
]

[[package]]
name = "iana-adsp"
version = "0.1.0"
dependencies = [
 "iana-gen-shared",
]

[[package]]
name = "iana-aead"
version = "0.1.0"
dependencies = [
 "iana-gen-shared",
]

[[package]]
name = "iana-aka"
version = "0.1.0"
dependencies = [
 "iana-gen-shared",
]

[[package]]
name = "iana-alert"
version = "0.1.0"
dependencies = [
 "iana-gen-shared",
]

[[package]]
name = "iana-alto"
version = "0.1.0"
dependencies = [
 "iana-gen-shared",
]

[[package]]
name = "iana-amtrelay"
version = "0.1.0"
dependencies = [
 "iana-gen-shared",
]

[[package]]
name = "iana-ancp"
version = "0.1.0"
dependencies = [
 "iana-gen-shared",
]

[[package]]
name = "iana-aodv"
version = "0.1.0"
dependencies = [
 "iana-gen-shared",
]

[[package]]
name = "iana-apex"
version = "0.1.0"
dependencies = [
 "iana-gen-shared",
]

[[package]]
name = "iana-arp"
version = "0.1.0"
dependencies = [
 "iana-gen-shared",
]

[[package]]
name = "iana-as"
version = "0.1.0"
dependencies = [
 "iana-gen-shared",
]

[[package]]
name = "iana-audio"
version = "0.1.0"
dependencies = [
 "iana-gen-shared",
]

[[package]]
name = "iana-auth"
version = "0.1.0"
dependencies = [
 "iana-gen-shared",
]

[[package]]
name = "iana-authentication"
version = "0.1.0"
dependencies = [
 "iana-gen-shared",
]

[[package]]
name = "iana-auto"
version = "0.1.0"
dependencies = [
 "iana-gen-shared",
]

[[package]]
name = "iana-babel"
version = "0.1.0"
dependencies = [
 "iana-gen-shared",
]

[[package]]
name = "iana-bandwidth"
version = "0.1.0"
dependencies = [
 "iana-gen-shared",
]

[[package]]
name = "iana-battery"
version = "0.1.0"
dependencies = [
 "iana-gen-shared",
]

[[package]]
name = "iana-beep"
version = "0.1.0"
dependencies = [
 "iana-gen-shared",
]

[[package]]
name = "iana-bfcp"
version = "0.1.0"
dependencies = [
 "iana-gen-shared",
]

[[package]]
name = "iana-bfd"
version = "0.1.0"
dependencies = [
 "iana-gen-shared",
]

[[package]]
name = "iana-bgp"
version = "0.1.0"
dependencies = [
 "iana-gen-shared",
]

[[package]]
name = "iana-bier"
version = "0.1.0"
dependencies = [
 "iana-gen-shared",
]

[[package]]
name = "iana-bmp"
version = "0.1.0"
dependencies = [
 "iana-gen-shared",
]

[[package]]
name = "iana-bootp"
version = "0.1.0"
dependencies = [
 "iana-gen-shared",
]

[[package]]
name = "iana-bpf"
version = "0.1.0"
dependencies = [
 "iana-gen-shared",
]

[[package]]
name = "iana-brski"
version = "0.1.0"
dependencies = [
 "iana-gen-shared",
]

[[package]]
name = "iana-building"
version = "0.1.0"
dependencies = [
 "iana-gen-shared",
]

[[package]]
name = "iana-bundle"
version = "0.1.0"
dependencies = [
 "iana-gen-shared",
]

[[package]]
name = "iana-c"
version = "0.1.0"
dependencies = [
 "iana-gen-shared",
]

[[package]]
name = "iana-calipso"
version = "0.1.0"
dependencies = [
 "iana-gen-shared",
]

[[package]]
name = "iana-caller"
version = "0.1.0"
dependencies = [
 "iana-gen-shared",
]

[[package]]
name = "iana-capability"
version = "0.1.0"
dependencies = [
 "iana-gen-shared",
]

[[package]]
name = "iana-captive"
version = "0.1.0"
dependencies = [
 "iana-gen-shared",
]

[[package]]
name = "iana-capwap"
version = "0.1.0"
dependencies = [
 "iana-gen-shared",
]

[[package]]
name = "iana-card"
version = "0.1.0"
dependencies = [
 "iana-gen-shared",
]

[[package]]
name = "iana-cbor"
version = "0.1.0"
dependencies = [
 "iana-gen-shared",
]

[[package]]
name = "iana-ccmp"
version = "0.1.0"
dependencies = [
 "iana-gen-shared",
]

[[package]]
name = "iana-ccnx"
version = "0.1.0"
dependencies = [
 "iana-gen-shared",
]

[[package]]
name = "iana-cddl"
version = "0.1.0"
dependencies = [
 "iana-gen-shared",
]

[[package]]
name = "iana-cdni"
version = "0.1.0"
dependencies = [
 "iana-gen-shared",
]

[[package]]
name = "iana-cert"
version = "0.1.0"
dependencies = [
 "iana-gen-shared",
]

[[package]]
name = "iana-cfm"
version = "0.1.0"
dependencies = [
 "iana-gen-shared",
]

[[package]]
name = "iana-cga"
version = "0.1.0"
dependencies = [
 "iana-gen-shared",
]

[[package]]
name = "iana-channel"
version = "0.1.0"
dependencies = [
 "iana-gen-shared",
]

[[package]]
name = "iana-character"
version = "0.1.0"
dependencies = [
 "iana-gen-shared",
]

[[package]]
name = "iana-charset"
version = "0.1.0"
dependencies = [
 "iana-gen-shared",
]

[[package]]
name = "iana-cisco"
version = "0.1.0"
dependencies = [
 "iana-gen-shared",
]

[[package]]
name = "iana-civic"
version = "0.1.0"
dependencies = [
 "iana-gen-shared",
]

[[package]]
name = "iana-clue"
version = "0.1.0"
dependencies = [
 "iana-gen-shared",
]

[[package]]
name = "iana-cmp"
version = "0.1.0"
dependencies = [
 "iana-gen-shared",
]

[[package]]
name = "iana-cnrp"
version = "0.1.0"
dependencies = [
 "iana-gen-shared",
]

[[package]]
name = "iana-coap"
version = "0.1.0"
dependencies = [
 "iana-gen-shared",
]

[[package]]
name = "iana-comp"
version = "0.1.0"
dependencies = [
 "iana-gen-shared",
]

[[package]]
name = "iana-cont"
version = "0.1.0"
dependencies = [
 "iana-gen-shared",
]

[[package]]
name = "iana-content"
version = "0.1.0"
dependencies = [
 "iana-gen-shared",
]

[[package]]
name = "iana-cookie"
version = "0.1.0"
dependencies = [
 "iana-gen-shared",
]

[[package]]
name = "iana-cops"
version = "0.1.0"
dependencies = [
 "iana-gen-shared",
]

[[package]]
name = "iana-core"
version = "0.1.0"
dependencies = [
 "iana-gen-shared",
]

[[package]]
name = "iana-cose"
version = "0.1.0"
dependencies = [
 "iana-gen-shared",
]

[[package]]
name = "iana-coswid"
version = "0.1.0"
dependencies = [
 "iana-gen-shared",
]

[[package]]
name = "iana-cpim"
version = "0.1.0"
dependencies = [
 "iana-gen-shared",
]

[[package]]
name = "iana-crypto"
version = "0.1.0"
dependencies = [
 "iana-gen-shared",
]

[[package]]
name = "iana-cwt"
version = "0.1.0"
dependencies = [
 "iana-gen-shared",
]

[[package]]
name = "iana-cxtp"
version = "0.1.0"
dependencies = [
 "iana-gen-shared",
]

[[package]]
name = "iana-dane"
version = "0.1.0"
dependencies = [
 "iana-gen-shared",
]

[[package]]
name = "iana-dcap"
version = "0.1.0"
dependencies = [
 "iana-gen-shared",
]

[[package]]
name = "iana-dccp"
version = "0.1.0"
dependencies = [
 "iana-gen-shared",
]

[[package]]
name = "iana-dcep"
version = "0.1.0"
dependencies = [
 "iana-gen-shared",
]

[[package]]
name = "iana-detnet"
version = "0.1.0"
dependencies = [
 "iana-gen-shared",
]

[[package]]
name = "iana-device"
version = "0.1.0"
dependencies = [
 "iana-gen-shared",
]

[[package]]
name = "iana-dhcpv6"
version = "0.1.0"
dependencies = [
 "iana-gen-shared",
]

[[package]]
name = "iana-directory"
version = "0.1.0"
dependencies = [
 "iana-gen-shared",
]

[[package]]
name = "iana-dkim"
version = "0.1.0"
dependencies = [
 "iana-gen-shared",
]

[[package]]
name = "iana-dlep"
version = "0.1.0"
dependencies = [
 "iana-gen-shared",
]

[[package]]
name = "iana-dmarc"
version = "0.1.0"
dependencies = [
 "iana-gen-shared",
]

[[package]]
name = "iana-dncp"
version = "0.1.0"
dependencies = [
 "iana-gen-shared",
]

[[package]]
name = "iana-dns"
version = "0.1.0"
dependencies = [
 "iana-gen-shared",
]

[[package]]
name = "iana-dots"
version = "0.1.0"
dependencies = [
 "iana-gen-shared",
]

[[package]]
name = "iana-drip"
version = "0.1.0"
dependencies = [
 "iana-gen-shared",
]

[[package]]
name = "iana-ds"
version = "0.1.0"
dependencies = [
 "iana-gen-shared",
]

[[package]]
name = "iana-dscp"
version = "0.1.0"
dependencies = [
 "iana-gen-shared",
]

[[package]]
name = "iana-dskpp"
version = "0.1.0"
dependencies = [
 "iana-gen-shared",
]

[[package]]
name = "iana-dsn"
version = "0.1.0"
dependencies = [
 "iana-gen-shared",
]

[[package]]
name = "iana-dsr"
version = "0.1.0"
dependencies = [
 "iana-gen-shared",
]

[[package]]
name = "iana-dssc"
version = "0.1.0"
dependencies = [
 "iana-gen-shared",
]

[[package]]
name = "iana-eap"
version = "0.1.0"
dependencies = [
 "iana-gen-shared",
]

[[package]]
name = "iana-eappotp"
version = "0.1.0"
dependencies = [
 "iana-gen-shared",
]

[[package]]
name = "iana-eapsimaka"
version = "0.1.0"
dependencies = [
 "iana-gen-shared",
]

[[package]]
name = "iana-ebml"
version = "0.1.0"
dependencies = [
 "iana-gen-shared",
]

[[package]]
name = "iana-ecml"
version = "0.1.0"
dependencies = [
 "iana-gen-shared",
]

[[package]]
name = "iana-ecmlv2"
version = "0.1.0"
dependencies = [
 "iana-gen-shared",
]

[[package]]
name = "iana-edhoc"
version = "0.1.0"
dependencies = [
 "iana-gen-shared",
]

[[package]]
name = "iana-email"
version = "0.1.0"
dependencies = [
 "iana-gen-shared",
]

[[package]]
name = "iana-emergency"
version = "0.1.0"
dependencies = [
 "iana-gen-shared",
]

[[package]]
name = "iana-emsk"
version = "0.1.0"
dependencies = [
 "iana-gen-shared",
]

[[package]]
name = "iana-enum"
version = "0.1.0"
dependencies = [
 "iana-gen-shared",
]

[[package]]
name = "iana-epp"
version = "0.1.0"
dependencies = [
 "iana-gen-shared",
]

[[package]]
name = "iana-esp"
version = "0.1.0"
dependencies = [
 "iana-gen-shared",
]

[[package]]
name = "iana-ethernet"
version = "0.1.0"
dependencies = [
 "iana-gen-shared",
]

[[package]]
name = "iana-evpn"
version = "0.1.0"
dependencies = [
 "iana-gen-shared",
]

[[package]]
name = "iana-ex"
version = "0.1.0"
dependencies = [
 "iana-gen-shared",
]

[[package]]
name = "iana-fc"
version = "0.1.0"
dependencies = [
 "iana-gen-shared",
]

[[package]]
name = "iana-fcast"
version = "0.1.0"
dependencies = [
 "iana-gen-shared",
]

[[package]]
name = "iana-fedfs"
version = "0.1.0"
dependencies = [
 "iana-gen-shared",
]

[[package]]
name = "iana-flac"
version = "0.1.0"
dependencies = [
 "iana-gen-shared",
]

[[package]]
name = "iana-flow"
version = "0.1.0"
dependencies = [
 "iana-gen-shared",
]

[[package]]
name = "iana-flute"
version = "0.1.0"
dependencies = [
 "iana-gen-shared",
]

[[package]]
name = "iana-foobar"
version = "0.1.0"
dependencies = [
 "iana-gen-shared",
]

[[package]]
name = "iana-forces"
version = "0.1.0"
dependencies = [
 "iana-gen-shared",
]

[[package]]
name = "iana-ftp"
version = "0.1.0"
dependencies = [
 "iana-gen-shared",
]

[[package]]
name = "iana-g"
version = "0.1.0"
dependencies = [
 "iana-gen-shared",
]

[[package]]
name = "iana-gdoi"
version = "0.1.0"
dependencies = [
 "iana-gen-shared",
]

[[package]]
name = "iana-gen-shared"
version = "0.1.0"

[[package]]
name = "iana-geo"
version = "0.1.0"
dependencies = [
 "iana-gen-shared",
]

[[package]]
name = "iana-geolocation"
version = "0.1.0"
dependencies = [
 "iana-gen-shared",
]

[[package]]
name = "iana-geopriv"
version = "0.1.0"
dependencies = [
 "iana-gen-shared",
]

[[package]]
name = "iana-gist"
version = "0.1.0"
dependencies = [
 "iana-gen-shared",
]

[[package]]
name = "iana-gmpls"
version = "0.1.0"
dependencies = [
 "iana-gen-shared",
]

[[package]]
name = "iana-gnap"
version = "0.1.0"
dependencies = [
 "iana-gen-shared",
]

[[package]]
name = "iana-gnss"
version = "0.1.0"
dependencies = [
 "iana-gen-shared",
]

[[package]]
name = "iana-grasp"
version = "0.1.0"
dependencies = [
 "iana-gen-shared",
]

[[package]]
name = "iana-gre"
version = "0.1.0"
dependencies = [
 "iana-gen-shared",
]

[[package]]
name = "iana-gsakmp"
version = "0.1.0"
dependencies = [
 "iana-gen-shared",
]

[[package]]
name = "iana-gsmpv3"
version = "0.1.0"
dependencies = [
 "iana-gen-shared",
]

[[package]]
name = "iana-gss"
version = "0.1.0"
dependencies = [
 "iana-gen-shared",
]

[[package]]
name = "iana-gssapi"
version = "0.1.0"
dependencies = [
 "iana-gen-shared",
]

[[package]]
name = "iana-gstn"
version = "0.1.0"
dependencies = [
 "iana-gen-shared",
]

[[package]]
name = "iana-hash"
version = "0.1.0"
dependencies = [
 "iana-gen-shared",
]

[[package]]
name = "iana-held"
version = "0.1.0"
dependencies = [
 "iana-gen-shared",
]

[[package]]
name = "iana-hip"
version = "0.1.0"
dependencies = [
 "iana-gen-shared",
]

[[package]]
name = "iana-hoba"
version = "0.1.0"
dependencies = [
 "iana-gen-shared",
]

[[package]]
name = "iana-hpke"
version = "0.1.0"
dependencies = [
 "iana-gen-shared",
]

[[package]]
name = "iana-http"
version = "0.1.0"
dependencies = [
 "iana-gen-shared",
]

[[package]]
name = "iana-iana"
version = "0.1.0"
dependencies = [
 "iana-gen-shared",
]

[[package]]
name = "iana-iax"
version = "0.1.0"
dependencies = [
 "iana-gen-shared",
]

[[package]]
name = "iana-icalendar"
version = "0.1.0"
dependencies = [
 "iana-gen-shared",
]

[[package]]
name = "iana-ice"
version = "0.1.0"
dependencies = [
 "iana-gen-shared",
]

[[package]]
name = "iana-icmp"
version = "0.1.0"
dependencies = [
 "iana-gen-shared",
]

[[package]]
name = "iana-icmpv6"
version = "0.1.0"
dependencies = [
 "iana-gen-shared",
]

[[package]]
name = "iana-idmef"
version = "0.1.0"
dependencies = [
 "iana-gen-shared",
]

[[package]]
name = "iana-idxp"
version = "0.1.0"
dependencies = [
 "iana-gen-shared",
]

[[package]]
name = "iana-ieee"
version = "0.1.0"
dependencies = [
 "iana-gen-shared",
]

[[package]]
name = "iana-iesg"
version = "0.1.0"
dependencies = [
 "iana-gen-shared",
]

[[package]]
name = "iana-igmp"
version = "0.1.0"
dependencies = [
 "iana-gen-shared",
]

[[package]]
name = "iana-igp"
version = "0.1.0"
dependencies = [
 "iana-gen-shared",
]

[[package]]
name = "iana-ikev2"
version = "0.1.0"
dependencies = [
 "iana-gen-shared",
]

[[package]]
name = "iana-im"
version = "0.1.0"
dependencies = [
 "iana-gen-shared",
]

[[package]]
name = "iana-imap"
version = "0.1.0"
dependencies = [
 "iana-gen-shared",
]

[[package]]
name = "iana-imdn"
version = "0.1.0"
dependencies = [
 "iana-gen-shared",
]

[[package]]
name = "iana-inst"
version = "0.1.0"
dependencies = [
 "iana-gen-shared",
]

[[package]]
name = "iana-integ"
version = "0.1.0"
dependencies = [
 "iana-gen-shared",
]

[[package]]
name = "iana-internet"
version = "0.1.0"
dependencies = [
 "iana-gen-shared",
]

[[package]]
name = "iana-ioam"
version = "0.1.0"
dependencies = [
 "iana-gen-shared",
]

[[package]]
name = "iana-iodef"
version = "0.1.0"
dependencies = [
 "iana-gen-shared",
]

[[package]]
name = "iana-iodef2"
version = "0.1.0"
dependencies = [
 "iana-gen-shared",
]

[[package]]
name = "iana-iotp"
version = "0.1.0"
dependencies = [
 "iana-gen-shared",
]

[[package]]
name = "iana-ip"
version = "0.1.0"
dependencies = [
 "iana-gen-shared",
]

[[package]]
name = "iana-ipfix"
version = "0.1.0"
dependencies = [
 "iana-gen-shared",
]

[[package]]
name = "iana-ipp"
version = "0.1.0"
dependencies = [
 "iana-gen-shared",
]

[[package]]
name = "iana-ips"
version = "0.1.0"
dependencies = [
 "iana-gen-shared",
]

[[package]]
name = "iana-ipsec"
version = "0.1.0"
dependencies = [
 "iana-gen-shared",
]

[[package]]
name = "iana-ipseckey"
version = "0.1.0"
dependencies = [
 "iana-gen-shared",
]

[[package]]
name = "iana-ipv4"
version = "0.1.0"
dependencies = [
 "iana-gen-shared",
]

[[package]]
name = "iana-ipv6"
version = "0.1.0"
dependencies = [
 "iana-gen-shared",
]

[[package]]
name = "iana-isakmp"
version = "0.1.0"
dependencies = [
 "iana-gen-shared",
]

[[package]]
name = "iana-iscsi"
version = "0.1.0"
dependencies = [
 "iana-gen-shared",
]

[[package]]
name = "iana-isis"
version = "0.1.0"
dependencies = [
 "iana-gen-shared",
]

[[package]]
name = "iana-isns"
version = "0.1.0"
dependencies = [
 "iana-gen-shared",
]

[[package]]
name = "iana-jmap"
version = "0.1.0"
dependencies = [
 "iana-gen-shared",
]

[[package]]
name = "iana-jms"
version = "0.1.0"
dependencies = [
 "iana-gen-shared",
]

[[package]]
name = "iana-jose"
version = "0.1.0"
dependencies = [
 "iana-gen-shared",
]

[[package]]
name = "iana-jscalendar"
version = "0.1.0"
dependencies = [
 "iana-gen-shared",
]

[[package]]
name = "iana-jscontact"
version = "0.1.0"
dependencies = [
 "iana-gen-shared",
]

[[package]]
name = "iana-jsonpath"
version = "0.1.0"
dependencies = [
 "iana-gen-shared",
]

[[package]]
name = "iana-jwt"
version = "0.1.0"
dependencies = [
 "iana-gen-shared",
]

[[package]]
name = "iana-kerberos"
version = "0.1.0"
dependencies = [
 "iana-gen-shared",
]

[[package]]
name = "iana-keynote"
version = "0.1.0"
dependencies = [
 "iana-gen-shared",
]

[[package]]
name = "iana-keytable"
version = "0.1.0"
dependencies = [
 "iana-gen-shared",
]

[[package]]
name = "iana-kink"
version = "0.1.0"
dependencies = [
 "iana-gen-shared",
]

[[package]]
name = "iana-l2tp"
version = "0.1.0"
dependencies = [
 "iana-gen-shared",
]

[[package]]
name = "iana-lang"
version = "0.1.0"
dependencies = [
 "iana-gen-shared",
]

[[package]]
name = "iana-language"
version = "0.1.0"
dependencies = [
 "iana-gen-shared",
]

[[package]]
name = "iana-lct"
version = "0.1.0"
dependencies = [
 "iana-gen-shared",
]

[[package]]
name = "iana-ldap"
version = "0.1.0"
dependencies = [
 "iana-gen-shared",
]

[[package]]
name = "iana-ldp"
version = "0.1.0"
dependencies = [
 "iana-gen-shared",
]

[[package]]
name = "iana-leighton"
version = "0.1.0"
dependencies = [
 "iana-gen-shared",
]

[[package]]
name = "iana-lgr"
version = "0.1.0"
dependencies = [
 "iana-gen-shared",
]

[[package]]
name = "iana-link"
version = "0.1.0"
dependencies = [
 "iana-gen-shared",
]

[[package]]
name = "iana-lisp"
version = "0.1.0"
dependencies = [
 "iana-gen-shared",
]

[[package]]
name = "iana-lmp"
version = "0.1.0"
dependencies = [
 "iana-gen-shared",
]

[[package]]
name = "iana-loa"
version = "0.1.0"
dependencies = [
 "iana-gen-shared",
]

[[package]]
name = "iana-locally"
version = "0.1.0"
dependencies = [
 "iana-gen-shared",
]

[[package]]
name = "iana-location"
version = "0.1.0"
dependencies = [
 "iana-gen-shared",
]

[[package]]
name = "iana-lost"
version = "0.1.0"
dependencies = [
 "iana-gen-shared",
]

[[package]]
name = "iana-ltp"
version = "0.1.0"
dependencies = [
 "iana-gen-shared",
]

[[package]]
name = "iana-machine"
version = "0.1.0"
dependencies = [
 "iana-gen-shared",
]

[[package]]
name = "iana-madcap"
version = "0.1.0"
dependencies = [
 "iana-gen-shared",
]

[[package]]
name = "iana-mail"
version = "0.1.0"
dependencies = [
 "iana-gen-shared",
]

[[package]]
name = "iana-managesieve"
version = "0.1.0"
dependencies = [
 "iana-gen-shared",
]

[[package]]
name = "iana-manet"
version = "0.1.0"
dependencies = [
 "iana-gen-shared",
]

[[package]]
name = "iana-marf"
version = "0.1.0"
dependencies = [
 "iana-gen-shared",
]

[[package]]
name = "iana-markdown"
version = "0.1.0"
dependencies = [
 "iana-gen-shared",
]

[[package]]
name = "iana-masc"
version = "0.1.0"
dependencies = [
 "iana-gen-shared",
]

[[package]]
name = "iana-masque"
version = "0.1.0"
dependencies = [
 "iana-gen-shared",
]

[[package]]
name = "iana-matroska"
version = "0.1.0"
dependencies = [
 "iana-gen-shared",
]

[[package]]
name = "iana-mdn"
version = "0.1.0"
dependencies = [
 "iana-gen-shared",
]

[[package]]
name = "iana-media"
version = "0.1.0"
dependencies = [
 "iana-gen-shared",
]

[[package]]
name = "iana-megaco"
version = "0.1.0"
dependencies = [
 "iana-gen-shared",
]

[[package]]
name = "iana-message"
version = "0.1.0"
dependencies = [
 "iana-gen-shared",
]

[[package]]
name = "iana-method"
version = "0.1.0"
dependencies = [
 "iana-gen-shared",
]

[[package]]
name = "iana-mgcp"
version = "0.1.0"
dependencies = [
 "iana-gen-shared",
]

[[package]]
name = "iana-mib"
version = "0.1.0"
dependencies = [
 "iana-gen-shared",
]

[[package]]
name = "iana-mih"
version = "0.1.0"
dependencies = [
 "iana-gen-shared",
]

[[package]]
name = "iana-mikey"
version = "0.1.0"
dependencies = [
 "iana-gen-shared",
]

[[package]]
name = "iana-milnet"
version = "0.1.0"
dependencies = [
 "iana-gen-shared",
]

[[package]]
name = "iana-mls"
version = "0.1.0"
dependencies = [
 "iana-gen-shared",
]

[[package]]
name = "iana-mobileip"
version = "0.1.0"
dependencies = [
 "iana-gen-shared",
]

[[package]]
name = "iana-mobility"
version = "0.1.0"
dependencies = [
 "iana-gen-shared",
]

[[package]]
name = "iana-mpls"
version = "0.1.0"
dependencies = [
 "iana-gen-shared",
]

[[package]]
name = "iana-mrcpv2"
version = "0.1.0"
dependencies = [
 "iana-gen-shared",
]

[[package]]
name = "iana-mrt"
version = "0.1.0"
dependencies = [
 "iana-gen-shared",
]

[[package]]
name = "iana-msdp"
version = "0.1.0"
dependencies = [
 "iana-gen-shared",
]

[[package]]
name = "iana-msrp"
version = "0.1.0"
dependencies = [
 "iana-gen-shared",
]

[[package]]
name = "iana-mta"
version = "0.1.0"
dependencies = [
 "iana-gen-shared",
]

[[package]]
name = "iana-mtqp"
version = "0.1.0"
dependencies = [
 "iana-gen-shared",
]

[[package]]
name = "iana-mtrace"
version = "0.1.0"
dependencies = [
 "iana-gen-shared",
]

[[package]]
name = "iana-mud"
version = "0.1.0"
dependencies = [
 "iana-gen-shared",
]

[[package]]
name = "iana-multicast"
version = "0.1.0"
dependencies = [
 "iana-gen-shared",
]

[[package]]
name = "iana-named"
version = "0.1.0"
dependencies = [
 "iana-gen-shared",
]

[[package]]
name = "iana-netconf"
version = "0.1.0"
dependencies = [
 "iana-gen-shared",
]

[[package]]
name = "iana-netnews"
version = "0.1.0"
dependencies = [
 "iana-gen-shared",
]

[[package]]
name = "iana-nfsv4"
version = "0.1.0"
dependencies = [
 "iana-gen-shared",
]

[[package]]
name = "iana-nhrp"
version = "0.1.0"
dependencies = [
 "iana-gen-shared",
]

[[package]]
name = "iana-nlpids"
version = "0.1.0"
dependencies = [
 "iana-gen-shared",
]

[[package]]
name = "iana-nntp"
version = "0.1.0"
dependencies = [
 "iana-gen-shared",
]

[[package]]
name = "iana-norm"
version = "0.1.0"
dependencies = [
 "iana-gen-shared",
]

[[package]]
name = "iana-notification"
version = "0.1.0"
dependencies = [
 "iana-gen-shared",
]

[[package]]
name = "iana-novell"
version = "0.1.0"
dependencies = [
 "iana-gen-shared",
]

[[package]]
name = "iana-nsh"
version = "0.1.0"
dependencies = [
 "iana-gen-shared",
]

[[package]]
name = "iana-nslp"
version = "0.1.0"
dependencies = [
 "iana-gen-shared",
]

[[package]]
name = "iana-ntp"
version = "0.1.0"
dependencies = [
 "iana-gen-shared",
]

[[package]]
name = "iana-nts"
version = "0.1.0"
dependencies = [
 "iana-gen-shared",
]

[[package]]
name = "iana-nvo3"
version = "0.1.0"
dependencies = [
 "iana-gen-shared",
]

[[package]]
name = "iana-oauth"
version = "0.1.0"
dependencies = [
 "iana-gen-shared",
]

[[package]]
name = "iana-olsr"
version = "0.1.0"
dependencies = [
 "iana-gen-shared",
]

[[package]]
name = "iana-oncrpc"
version = "0.1.0"
dependencies = [
 "iana-gen-shared",
]

[[package]]
name = "iana-openpgp"
version = "0.1.0"
dependencies = [
 "iana-gen-shared",
]

[[package]]
name = "iana-operating"
version = "0.1.0"
dependencies = [
 "iana-gen-shared",
]

[[package]]
name = "iana-opes"
version = "0.1.0"
dependencies = [
 "iana-gen-shared",
]

[[package]]
name = "iana-opus"
version = "0.1.0"
dependencies = [
 "iana-gen-shared",
]

[[package]]
name = "iana-os"
version = "0.1.0"
dependencies = [
 "iana-gen-shared",
]

[[package]]
name = "iana-osi"
version = "0.1.0"
dependencies = [
 "iana-gen-shared",
]

[[package]]
name = "iana-ospf"
version = "0.1.0"
dependencies = [
 "iana-gen-shared",
]

[[package]]
name = "iana-ospfv2"
version = "0.1.0"
dependencies = [
 "iana-gen-shared",
]

[[package]]
name = "iana-ospfv3"
version = "0.1.0"
dependencies = [
 "iana-gen-shared",
]

[[package]]
name = "iana-otp"
version = "0.1.0"
dependencies = [
 "iana-gen-shared",
]

[[package]]
name = "iana-owamp"
version = "0.1.0"
dependencies = [
 "iana-gen-shared",
]

[[package]]
name = "iana-pa"
version = "0.1.0"
dependencies = [
 "iana-gen-shared",
]

[[package]]
name = "iana-pal"
version = "0.1.0"
dependencies = [
 "iana-gen-shared",
]

[[package]]
name = "iana-pana"
version = "0.1.0"
dependencies = [
 "iana-gen-shared",
]

[[package]]
name = "iana-params"
version = "0.1.0"
dependencies = [
 "iana-gen-shared",
]

[[package]]
name = "iana-passport"
version = "0.1.0"
dependencies = [
 "iana-gen-shared",
]

[[package]]
name = "iana-paws"
version = "0.1.0"
dependencies = [
 "iana-gen-shared",
]

[[package]]
name = "iana-pb"
version = "0.1.0"
dependencies = [
 "iana-gen-shared",
]

[[package]]
name = "iana-pcap"
version = "0.1.0"
dependencies = [
 "iana-gen-shared",
]

[[package]]
name = "iana-pcep"
version = "0.1.0"
dependencies = [
 "iana-gen-shared",
]

[[package]]
name = "iana-pcim"
version = "0.1.0"
dependencies = [
 "iana-gen-shared",
]

[[package]]
name = "iana-pcp"
version = "0.1.0"
dependencies = [
 "iana-gen-shared",
]

[[package]]
name = "iana-perc"
version = "0.1.0"
dependencies = [
 "iana-gen-shared",
]

[[package]]
name = "iana-performance"
version = "0.1.0"
dependencies = [
 "iana-gen-shared",
]

[[package]]
name = "iana-perm"
version = "0.1.0"
dependencies = [
 "iana-gen-shared",
]

[[package]]
name = "iana-phbid"
version = "0.1.0"
dependencies = [
 "iana-gen-shared",
]

[[package]]
name = "iana-pidf"
version = "0.1.0"
dependencies = [
 "iana-gen-shared",
]

[[package]]
name = "iana-pim"
version = "0.1.0"
dependencies = [
 "iana-gen-shared",
]

[[package]]
name = "iana-pkix"
version = "0.1.0"
dependencies = [
 "iana-gen-shared",
]

[[package]]
name = "iana-pnfs"
version = "0.1.0"
dependencies = [
 "iana-gen-shared",
]

[[package]]
name = "iana-pop3"
version = "0.1.0"
dependencies = [
 "iana-gen-shared",
]

[[package]]
name = "iana-posh"
version = "0.1.0"
dependencies = [
 "iana-gen-shared",
]

[[package]]
name = "iana-post"
version = "0.1.0"
dependencies = [
 "iana-gen-shared",
]

[[package]]
name = "iana-power"
version = "0.1.0"
dependencies = [
 "iana-gen-shared",
]

[[package]]
name = "iana-ppp"
version = "0.1.0"
dependencies = [
 "iana-gen-shared",
]

[[package]]
name = "iana-pppoe"
version = "0.1.0"
dependencies = [
 "iana-gen-shared",
]

[[package]]
name = "iana-ppsp"
version = "0.1.0"
dependencies = [
 "iana-gen-shared",
]

[[package]]
name = "iana-ppspp"
version = "0.1.0"
dependencies = [
 "iana-gen-shared",
]

[[package]]
name = "iana-precis"
version = "0.1.0"
dependencies = [
 "iana-gen-shared",
]

[[package]]
name = "iana-preemption"
version = "0.1.0"
dependencies = [
 "iana-gen-shared",
]

[[package]]
name = "iana-pres"
version = "0.1.0"
dependencies = [
 "iana-gen-shared",
]

[[package]]
name = "iana-printer"
version = "0.1.0"
dependencies = [
 "iana-gen-shared",
]

[[package]]
name = "iana-privacy"
version = "0.1.0"
dependencies = [
 "iana-gen-shared",
]

[[package]]
name = "iana-profile"
version = "0.1.0"
dependencies = [
 "iana-gen-shared",
]

[[package]]
name = "iana-pronet80"
version = "0.1.0"
dependencies = [
 "iana-gen-shared",
]

[[package]]
name = "iana-prophet"
version = "0.1.0"
dependencies = [
 "iana-gen-shared",
]

[[package]]
name = "iana-protocol"
version = "0.1.0"
dependencies = [
 "iana-gen-shared",
]

[[package]]
name = "iana-provisional"
version = "0.1.0"
dependencies = [
 "iana-gen-shared",
]

[[package]]
name = "iana-proxy"
version = "0.1.0"
dependencies = [
 "iana-gen-shared",
]

[[package]]
name = "iana-psamp"
version = "0.1.0"
dependencies = [
 "iana-gen-shared",
]

[[package]]
name = "iana-pskc"
version = "0.1.0"
dependencies = [
 "iana-gen-shared",
]

[[package]]
name = "iana-pt"
version = "0.1.0"
dependencies = [
 "iana-gen-shared",
]

[[package]]
name = "iana-public"
version = "0.1.0"
dependencies = [
 "iana-gen-shared",
]

[[package]]
name = "iana-pvds"
version = "0.1.0"
dependencies = [
 "iana-gen-shared",
]

[[package]]
name = "iana-pwe3"
version = "0.1.0"
dependencies = [
 "iana-gen-shared",
]

[[package]]
name = "iana-qspec"
version = "0.1.0"
dependencies = [
 "iana-gen-shared",
]

[[package]]
name = "iana-quic"
version = "0.1.0"
dependencies = [
 "iana-gen-shared",
]

[[package]]
name = "iana-radius"
version = "0.1.0"
dependencies = [
 "iana-gen-shared",
]

[[package]]
name = "iana-rats"
version = "0.1.0"
dependencies = [
 "iana-gen-shared",
]

[[package]]
name = "iana-rdap"
version = "0.1.0"
dependencies = [
 "iana-gen-shared",
]

[[package]]
name = "iana-rddp"
version = "0.1.0"
dependencies = [
 "iana-gen-shared",
]

[[package]]
name = "iana-registrar"
version = "0.1.0"
dependencies = [
 "iana-gen-shared",
]

[[package]]
name = "iana-reload"
version = "0.1.0"
dependencies = [
 "iana-gen-shared",
]

[[package]]
name = "iana-remote"
version = "0.1.0"
dependencies = [
 "iana-gen-shared",
]

[[package]]
name = "iana-reputation"
version = "0.1.0"
dependencies = [
 "iana-gen-shared",
]

[[package]]
name = "iana-restconf"
version = "0.1.0"
dependencies = [
 "iana-gen-shared",
]

[[package]]
name = "iana-rfb"
version = "0.1.0"
dependencies = [
 "iana-gen-shared",
]

[[package]]
name = "iana-rid"
version = "0.1.0"
dependencies = [
 "iana-gen-shared",
]

[[package]]
name = "iana-rift"
version = "0.1.0"
dependencies = [
 "iana-gen-shared",
]

[[package]]
name = "iana-rip"
version = "0.1.0"
dependencies = [
 "iana-gen-shared",
]

[[package]]
name = "iana-rmt"
version = "0.1.0"
dependencies = [
 "iana-gen-shared",
]

[[package]]
name = "iana-rohc"
version = "0.1.0"
dependencies = [
 "iana-gen-shared",
]

[[package]]
name = "iana-rolie"
version = "0.1.0"
dependencies = [
 "iana-gen-shared",
]

[[package]]
name = "iana-roughtime"
version = "0.1.0"
dependencies = [
 "iana-gen-shared",
]

[[package]]
name = "iana-route"
version = "0.1.0"
dependencies = [
 "iana-gen-shared",
]

[[package]]
name = "iana-rpc"
version = "0.1.0"
dependencies = [
 "iana-gen-shared",
]

[[package]]
name = "iana-rpcbind"
version = "0.1.0"
dependencies = [
 "iana-gen-shared",
]

[[package]]
name = "iana-rpki"
version = "0.1.0"
dependencies = [
 "iana-gen-shared",
]

[[package]]
name = "iana-rpl"
version = "0.1.0"
dependencies = [
 "iana-gen-shared",
]

[[package]]
name = "iana-rserpool"
version = "0.1.0"
dependencies = [
 "iana-gen-shared",
]

[[package]]
name = "iana-rsip"
version = "0.1.0"
dependencies = [
 "iana-gen-shared",
]

[[package]]
name = "iana-rsvp"
version = "0.1.0"
dependencies = [
 "iana-gen-shared",
]

[[package]]
name = "iana-rtcp"
version = "0.1.0"
dependencies = [
 "iana-gen-shared",
]

[[package]]
name = "iana-rtfm"
version = "0.1.0"
dependencies = [
 "iana-gen-shared",
]

[[package]]
name = "iana-rtp"
version = "0.1.0"
dependencies = [
 "iana-gen-shared",
]

[[package]]
name = "iana-rtsp"
version = "0.1.0"
dependencies = [
 "iana-gen-shared",
]

[[package]]
name = "iana-rtspv2"
version = "0.1.0"
dependencies = [
 "iana-gen-shared",
]

[[package]]
name = "iana-rue"
version = "0.1.0"
dependencies = [
 "iana-gen-shared",
]

[[package]]
name = "iana-s"
version = "0.1.0"
dependencies = [
 "iana-gen-shared",
]

[[package]]
name = "iana-safi"
version = "0.1.0"
dependencies = [
 "iana-gen-shared",
]

[[package]]
name = "iana-sam"
version = "0.1.0"
dependencies = [
 "iana-gen-shared",
]

[[package]]
name = "iana-sasl"
version = "0.1.0"
dependencies = [
 "iana-gen-shared",
]

[[package]]
name = "iana-scep"
version = "0.1.0"
dependencies = [
 "iana-gen-shared",
]

[[package]]
name = "iana-scim"
version = "0.1.0"
dependencies = [
 "iana-gen-shared",
]

[[package]]
name = "iana-scsp"
version = "0.1.0"
dependencies = [
 "iana-gen-shared",
]

[[package]]
name = "iana-sctp"
version = "0.1.0"
dependencies = [
 "iana-gen-shared",
]

[[package]]
name = "iana-sdf"
version = "0.1.0"
dependencies = [
 "iana-gen-shared",
]

[[package]]
name = "iana-sdp"
version = "0.1.0"
dependencies = [
 "iana-gen-shared",
]

[[package]]
name = "iana-sdxf"
version = "0.1.0"
dependencies = [
 "iana-gen-shared",
]

[[package]]
name = "iana-sec"
version = "0.1.0"
dependencies = [
 "iana-gen-shared",
]

[[package]]
name = "iana-secevent"
version = "0.1.0"
dependencies = [
 "iana-gen-shared",
]

[[package]]
name = "iana-security"
version = "0.1.0"
dependencies = [
 "iana-gen-shared",
]

[[package]]
name = "iana-segment"
version = "0.1.0"
dependencies = [
 "iana-gen-shared",
]

[[package]]
name = "iana-senml"
version = "0.1.0"
dependencies = [
 "iana-gen-shared",
]

[[package]]
name = "iana-service"
version = "0.1.0"
dependencies = [
 "iana-gen-shared",
]

[[package]]
name = "iana-sfc"
version = "0.1.0"
dependencies = [
 "iana-gen-shared",
]

[[package]]
name = "iana-sframe"
version = "0.1.0"
dependencies = [
 "iana-gen-shared",
]

[[package]]
name = "iana-sgmp"
version = "0.1.0"
dependencies = [
 "iana-gen-shared",
]

[[package]]
name = "iana-shim6"
version = "0.1.0"
dependencies = [
 "iana-gen-shared",
]

[[package]]
name = "iana-sieve"
version = "0.1.0"
dependencies = [
 "iana-gen-shared",
]

[[package]]
name = "iana-sig"
version = "0.1.0"
dependencies = [
 "iana-gen-shared",
]

[[package]]
name = "iana-sigcomp"
version = "0.1.0"
dependencies = [
 "iana-gen-shared",
]

[[package]]
name = "iana-sigtran"
version = "0.1.0"
dependencies = [
 "iana-gen-shared",
]

[[package]]
name = "iana-sip"
version = "0.1.0"
dependencies = [
 "iana-gen-shared",
]

[[package]]
name = "iana-slp"
version = "0.1.0"
dependencies = [
 "iana-gen-shared",
]

[[package]]
name = "iana-smi"
version = "0.1.0"
dependencies = [
 "iana-gen-shared",
]

[[package]]
name = "iana-smtp"
version = "0.1.0"
dependencies = [
 "iana-gen-shared",
]

[[package]]
name = "iana-snmp"
version = "0.1.0"
dependencies = [
 "iana-gen-shared",
]

[[package]]
name = "iana-snoop"
version = "0.1.0"
dependencies = [
 "iana-gen-shared",
]

[[package]]
name = "iana-socks"
version = "0.1.0"
dependencies = [
 "iana-gen-shared",
]

[[package]]
name = "iana-software"
version = "0.1.0"
dependencies = [
 "iana-gen-shared",
]

[[package]]
name = "iana-special"
version = "0.1.0"
dependencies = [
 "iana-gen-shared",
]

[[package]]
name = "iana-spf"
version = "0.1.0"
dependencies = [
 "iana-gen-shared",
]

[[package]]
name = "iana-spi"
version = "0.1.0"
dependencies = [
 "iana-gen-shared",
]

[[package]]
name = "iana-sppf"
version = "0.1.0"
dependencies = [
 "iana-gen-shared",
]

[[package]]
name = "iana-srtp"
version = "0.1.0"
dependencies = [
 "iana-gen-shared",
]

[[package]]
name = "iana-ssh"
version = "0.1.0"
dependencies = [
 "iana-gen-shared",
]

[[package]]
name = "iana-stamp"
version = "0.1.0"
dependencies = [
 "iana-gen-shared",
]

[[package]]
name = "iana-starttls"
version = "0.1.0"
dependencies = [
 "iana-gen-shared",
]

[[package]]
name = "iana-stringprep"
version = "0.1.0"
dependencies = [
 "iana-gen-shared",
]

[[package]]
name = "iana-stun"
version = "0.1.0"
dependencies = [
 "iana-gen-shared",
]

[[package]]
name = "iana-suit"
version = "0.1.0"
dependencies = [
 "iana-gen-shared",
]

[[package]]
name = "iana-sun"
version = "0.1.0"
dependencies = [
 "iana-gen-shared",
]

[[package]]
name = "iana-svrloc"
version = "0.1.0"
dependencies = [
 "iana-gen-shared",
]

[[package]]
name = "iana-syslog"
version = "0.1.0"
dependencies = [
 "iana-gen-shared",
]

[[package]]
name = "iana-tcp"
version = "0.1.0"
dependencies = [
 "iana-gen-shared",
]

[[package]]
name = "iana-te"
version = "0.1.0"
dependencies = [
 "iana-gen-shared",
]

[[package]]
name = "iana-teap"
version = "0.1.0"
dependencies = [
 "iana-gen-shared",
]

[[package]]
name = "iana-teep"
version = "0.1.0"
dependencies = [
 "iana-gen-shared",
]

[[package]]
name = "iana-tel"
version = "0.1.0"
dependencies = [
 "iana-gen-shared",
]

[[package]]
name = "iana-telnet"
version = "0.1.0"
dependencies = [
 "iana-gen-shared",
]

[[package]]
name = "iana-terminal"
version = "0.1.0"
dependencies = [
 "iana-gen-shared",
]

[[package]]
name = "iana-tesla"
version = "0.1.0"
dependencies = [
 "iana-gen-shared",
]

[[package]]
name = "iana-text"
version = "0.1.0"
dependencies = [
 "iana-gen-shared",
]

[[package]]
name = "iana-tls"
version = "0.1.0"
dependencies = [
 "iana-gen-shared",
]

[[package]]
name = "iana-token"
version = "0.1.0"
dependencies = [
 "iana-gen-shared",
]

[[package]]
name = "iana-top"
version = "0.1.0"
dependencies = [
 "iana-gen-shared",
]

[[package]]
name = "iana-trailer"
version = "0.1.0"
dependencies = [
 "iana-gen-shared",
]

[[package]]
name = "iana-trans"
version = "0.1.0"
dependencies = [
 "iana-gen-shared",
]

[[package]]
name = "iana-transfer"
version = "0.1.0"
dependencies = [
 "iana-gen-shared",
]

[[package]]
name = "iana-trill"
version = "0.1.0"
dependencies = [
 "iana-gen-shared",
]

[[package]]
name = "iana-trip"
version = "0.1.0"
dependencies = [
 "iana-gen-shared",
]

[[package]]
name = "iana-tsig"
version = "0.1.0"
dependencies = [
 "iana-gen-shared",
]

[[package]]
name = "iana-tunnel"
version = "0.1.0"
dependencies = [
 "iana-gen-shared",
]

[[package]]
name = "iana-twamp"
version = "0.1.0"
dependencies = [
 "iana-gen-shared",
]

[[package]]
name = "iana-tzdist"
version = "0.1.0"
dependencies = [
 "iana-gen-shared",
]

[[package]]
name = "iana-uaddr"
version = "0.1.0"
dependencies = [
 "iana-gen-shared",
]

[[package]]
name = "iana-udp"
version = "0.1.0"
dependencies = [
 "iana-gen-shared",
]

[[package]]
name = "iana-udpstp"
version = "0.1.0"
dependencies = [
 "iana-gen-shared",
]

[[package]]
name = "iana-ule"
version = "0.1.0"
dependencies = [
 "iana-gen-shared",
]

[[package]]
name = "iana-uri"
version = "0.1.0"
dependencies = [
 "iana-gen-shared",
]

[[package]]
name = "iana-urlauth"
version = "0.1.0"
dependencies = [
 "iana-gen-shared",
]

[[package]]
name = "iana-urn"
version = "0.1.0"
dependencies = [
 "iana-gen-shared",
]

[[package]]
name = "iana-uuid"
version = "0.1.0"
dependencies = [
 "iana-gen-shared",
]

[[package]]
name = "iana-vcard"
version = "0.1.0"
dependencies = [
 "iana-gen-shared",
]

[[package]]
name = "iana-vcdiff"
version = "0.1.0"
dependencies = [
 "iana-gen-shared",
]

[[package]]
name = "iana-version"
version = "0.1.0"
dependencies = [
 "iana-gen-shared",
]

[[package]]
name = "iana-vnc"
version = "0.1.0"
dependencies = [
 "iana-gen-shared",
]

[[package]]
name = "iana-vot"
version = "0.1.0"
dependencies = [
 "iana-gen-shared",
]

[[package]]
name = "iana-wave"
version = "0.1.0"
dependencies = [
 "iana-gen-shared",
]

[[package]]
name = "iana-webauthn"
version = "0.1.0"
dependencies = [
 "iana-gen-shared",
]

[[package]]
name = "iana-webfinger"
version = "0.1.0"
dependencies = [
 "iana-gen-shared",
]

[[package]]
name = "iana-webpush"
version = "0.1.0"
dependencies = [
 "iana-gen-shared",
]

[[package]]
name = "iana-websocket"
version = "0.1.0"
dependencies = [
 "iana-gen-shared",
]

[[package]]
name = "iana-well"
version = "0.1.0"
dependencies = [
 "iana-gen-shared",
]

[[package]]
name = "iana-wesp"
version = "0.1.0"
dependencies = [
 "iana-gen-shared",
]

[[package]]
name = "iana-whip"
version = "0.1.0"
dependencies = [
 "iana-gen-shared",
]

[[package]]
name = "iana-x25"
version = "0.1.0"
dependencies = [
 "iana-gen-shared",
]

[[package]]
name = "iana-xcap"
version = "0.1.0"
dependencies = [
 "iana-gen-shared",
]

[[package]]
name = "iana-xml"
version = "0.1.0"
dependencies = [
 "iana-gen-shared",
]

[[package]]
name = "iana-xmlers"
version = "0.1.0"
dependencies = [
 "iana-gen-shared",
]

[[package]]
name = "iana-xmss"
version = "0.1.0"
dependencies = [
 "iana-gen-shared",
]

[[package]]
name = "iana-xns"
version = "0.1.0"
dependencies = [
 "iana-gen-shared",
]

[[package]]
name = "iana-yang"
version = "0.1.0"
dependencies = [
 "iana-gen-shared",
]

[[package]]
name = "itoa"
version = "1.0.18"
source = "registry+https://github.com/rust-lang/crates.io-index"
checksum = "8f42a60cbdf9a97f5d2305f08a87dc4e09308d1276d28c869c684d7777685682"

[[package]]
name = "libc"
version = "0.2.183"
source = "registry+https://github.com/rust-lang/crates.io-index"
checksum = "b5b646652bf6661599e1da8901b3b9522896f01e736bad5f723fe7a3a27f899d"

[[package]]
name = "log"
version = "0.4.29"
source = "registry+https://github.com/rust-lang/crates.io-index"
checksum = "5e5032e24019045c762d3c0f28f5b6b8bbf38563a65908389bf7978758920897"

[[package]]
name = "memchr"
version = "2.8.0"
source = "registry+https://github.com/rust-lang/crates.io-index"
checksum = "f8ca58f447f06ed17d5fc4043ce1b10dd205e060fb3ce5b979b8ed8e59ff3f79"

[[package]]
name = "once_cell"
version = "1.21.4"
source = "registry+https://github.com/rust-lang/crates.io-index"
checksum = "9f7c3e4beb33f85d45ae3e3a1792185706c8e16d043238c593331cc7cd313b50"

[[package]]
name = "percent-encoding"
version = "2.3.2"
source = "registry+https://github.com/rust-lang/crates.io-index"
checksum = "9b4f627cb1b25917193a259e49bdad08f671f8d9708acfd5fe0a8c1455d87220"

[[package]]
name = "proc-macro2"
version = "1.0.106"
source = "registry+https://github.com/rust-lang/crates.io-index"
checksum = "8fd00f0bb2e90d81d1044c2b32617f68fcb9fa3bb7640c23e9c748e53fb30934"
dependencies = [
 "unicode-ident",
]

[[package]]
name = "quote"
version = "1.0.45"
source = "registry+https://github.com/rust-lang/crates.io-index"
checksum = "41f2619966050689382d2b44f664f4bc593e129785a36d6ee376ddf37259b924"
dependencies = [
 "proc-macro2",
]

[[package]]
name = "ring"
version = "0.17.14"
source = "registry+https://github.com/rust-lang/crates.io-index"
checksum = "a4689e6c2294d81e88dc6261c768b63bc4fcdb852be6d1352498b114f61383b7"
dependencies = [
 "cc",
 "cfg-if",
 "getrandom",
 "libc",
 "untrusted",
 "windows-sys",
]

[[package]]
name = "roxmltree"
version = "0.21.1"
source = "registry+https://github.com/rust-lang/crates.io-index"
checksum = "f1964b10c76125c36f8afe190065a4bf9a87bf324842c05701330bba9f1cacbb"
dependencies = [
 "memchr",
]

[[package]]
name = "rustls"
version = "0.23.37"
source = "registry+https://github.com/rust-lang/crates.io-index"
checksum = "758025cb5fccfd3bc2fd74708fd4682be41d99e5dff73c377c0646c6012c73a4"
dependencies = [
 "log",
 "once_cell",
 "ring",
 "rustls-pki-types",
 "rustls-webpki",
 "subtle",
 "zeroize",
]

[[package]]
name = "rustls-pki-types"
version = "1.14.0"
source = "registry+https://github.com/rust-lang/crates.io-index"
checksum = "be040f8b0a225e40375822a563fa9524378b9d63112f53e19ffff34df5d33fdd"
dependencies = [
 "zeroize",
]

[[package]]
name = "rustls-webpki"
version = "0.103.10"
source = "registry+https://github.com/rust-lang/crates.io-index"
checksum = "df33b2b81ac578cabaf06b89b0631153a3f416b0a886e8a7a1707fb51abbd1ef"
dependencies = [
 "ring",
 "rustls-pki-types",
 "untrusted",
]

[[package]]
name = "shlex"
version = "1.3.0"
source = "registry+https://github.com/rust-lang/crates.io-index"
checksum = "0fda2ff0d084019ba4d7c6f371c95d8fd75ce3524c3cb8fb653a3023f6323e64"

[[package]]
name = "subtle"
version = "2.6.1"
source = "registry+https://github.com/rust-lang/crates.io-index"
checksum = "13c2bddecc57b384dee18652358fb23172facb8a2c51ccc10d74c157bdea3292"

[[package]]
name = "syn"
version = "3.0.6"
source = "registry+https://github.com/rust-lang/crates.io-index"
checksum = "8593e8e72159ed2257d083c7a454a85cbf854f37a0966d8d483aff8c8a3ebcee"
dependencies = [
 "proc-macro2",
 "quote",
 "unicode-ident",
]

[[package]]
name = "unicode-ident"
version = "1.0.24"
source = "registry+https://github.com/rust-lang/crates.io-index"
checksum = "e6e4313cd5fcd3dad5cafa179702e2b244f760991f45397d14d4ebf38247da75"

[[package]]
name = "untrusted"
version = "0.9.0"
source = "registry+https://github.com/rust-lang/crates.io-index"
checksum = "8ecb6da28b8a351d773b68d5825ac39017e680750f980f3a1a85cd8dd28a47c1"

[[package]]
name = "ureq"
version = "3.3.0"
source = "registry+https://github.com/rust-lang/crates.io-index"
checksum = "dea7109cdcd5864d4eeb1b58a1648dc9bf520360d7af16ec26d0a9354bafcfc0"
dependencies = [
 "base64",
 "log",
 "percent-encoding",
 "rustls",
 "rustls-pki-types",
 "ureq-proto",
 "utf8-zero",
 "webpki-roots",
]

[[package]]
name = "ureq-proto"
version = "0.6.0"
source = "registry+https://github.com/rust-lang/crates.io-index"
checksum = "e994ba84b0bd1b1b0cf92878b7ef898a5c1760108fe7b6010327e274917a808c"
dependencies = [
 "base64",
 "http",
 "httparse",
 "log",
]

[[package]]
name = "utf8-zero"
version = "0.8.1"
source = "registry+https://github.com/rust-lang/crates.io-index"
checksum = "b8c0a043c9540bae7c578c88f91dda8bd82e59ae27c21baca69c8b191aaf5a6e"

[[package]]
name = "wasi"
version = "0.11.1+wasi-snapshot-preview1"
source = "registry+https://github.com/rust-lang/crates.io-index"
checksum = "ccf3ec651a847eb01de73ccad15eb7d99f80485de043efb2f370cd654f4ea44b"

[[package]]
name = "webpki-roots"
version = "1.0.6"
source = "registry+https://github.com/rust-lang/crates.io-index"
checksum = "22cfaf3c063993ff62e73cb4311efde4db1efb31ab78a3e5c457939ad5cc0bed"
dependencies = [
 "rustls-pki-types",
]

[[package]]
name = "windows-sys"
version = "0.52.0"
source = "registry+https://github.com/rust-lang/crates.io-index"
checksum = "282be5f36a8ce781fad8c8ae18fa3f9beff57ec1b52cb3de0789201425d9a33d"
dependencies = [
 "windows-targets",
]

[[package]]
name = "windows-targets"
version = "0.52.6"
source = "registry+https://github.com/rust-lang/crates.io-index"
checksum = "9b724f72796e036ab90c1021d4780d4d3d648aca59e491e6b98e725b84e99973"
dependencies = [
 "windows_aarch64_gnullvm",
 "windows_aarch64_msvc",
 "windows_i686_gnu",
 "windows_i686_gnullvm",
 "windows_i686_msvc",
 "windows_x86_64_gnu",
 "windows_x86_64_gnullvm",
 "windows_x86_64_msvc",
]

[[package]]
name = "windows_aarch64_gnullvm"
version = "0.52.6"
source = "registry+https://github.com/rust-lang/crates.io-index"
checksum = "32a4622180e7a0ec044bb555404c800bc9fd9ec262ec147edd5989ccd0c02cd3"

[[package]]
name = "windows_aarch64_msvc"
version = "0.52.6"
source = "registry+https://github.com/rust-lang/crates.io-index"
checksum = "09ec2a7bb152e2252b53fa7803150007879548bc709c039df7627cabbd05d469"

[[package]]
name = "windows_i686_gnu"
version = "0.52.6"
source = "registry+https://github.com/rust-lang/crates.io-index"
checksum = "8e9b5ad5ab802e97eb8e295ac6720e509ee4c243f69d781394014ebfe8bbfa0b"

[[package]]
name = "windows_i686_gnullvm"
version = "0.52.6"
source = "registry+https://github.com/rust-lang/crates.io-index"
checksum = "0eee52d38c090b3caa76c563b86c3a4bd71ef1a819287c19d586d7334ae8ed66"

[[package]]
name = "windows_i686_msvc"
version = "0.52.6"
source = "registry+https://github.com/rust-lang/crates.io-index"
checksum = "240948bc05c5e7c6dabba28bf89d89ffce3e303022809e73deaefe4f6ec56c66"

[[package]]
name = "windows_x86_64_gnu"
version = "0.52.6"
source = "registry+https://github.com/rust-lang/crates.io-index"
checksum = "147a5c80aabfbf0c7d901cb5895d1de30ef2907eb21fbbab29ca94c5b08b1a78"

[[package]]
name = "windows_x86_64_gnullvm"
version = "0.52.6"
source = "registry+https://github.com/rust-lang/crates.io-index"
checksum = "24d5b23dc417412679681396f2b49f3de8c1473deb516bd34410872eff51ed0d"

[[package]]
name = "windows_x86_64_msvc"
version = "0.52.6"
source = "registry+https://github.com/rust-lang/crates.io-index"
checksum = "589f6da84c646204747d1270a2a5661ea66ed1cced2631d546fdfb155959f9ec"

[[package]]
name = "xtask"
version = "0.1.0"
dependencies = [
 "roxmltree",
 "syn",
 "ureq",
]

[[package]]
name = "zeroize"
version = "1.8.2"
source = "registry+https://github.com/rust-lang/crates.io-index"
checksum = "b97154e67e32c85465826e8bcc1c59429aaaf107c1e4a9e53c8d8ccd5eff88d0"
